// !$*UTF8*$!
{
	archiveVersion = 1;
	classes = {
	};
	objectVersion = 46;
	objects = {

/* Begin PBXBuildFile section */
		9869D2041935E24D0022E8CA /* Foundation.framework in Frameworks */ = {isa = PBXBuildFile; fileRef = 9869D2031935E24D0022E8CA /* Foundation.framework */; };
		9869D2061935E24D0022E8CA /* CoreGraphics.framework in Frameworks */ = {isa = PBXBuildFile; fileRef = 9869D2051935E24D0022E8CA /* CoreGraphics.framework */; };
		9869D2081935E24D0022E8CA /* UIKit.framework in Frameworks */ = {isa = PBXBuildFile; fileRef = 9869D2071935E24D0022E8CA /* UIKit.framework */; };
		9869D20E1935E24D0022E8CA /* InfoPlist.strings in Resources */ = {isa = PBXBuildFile; fileRef = 9869D20C1935E24D0022E8CA /* InfoPlist.strings */; };
		9869D2101935E24D0022E8CA /* main.m in Sources */ = {isa = PBXBuildFile; fileRef = 9869D20F1935E24D0022E8CA /* main.m */; };
		9869D2141935E24D0022E8CA /* TableTamplateAppDelegate.m in Sources */ = {isa = PBXBuildFile; fileRef = 9869D2131935E24D0022E8CA /* TableTamplateAppDelegate.m */; };
		9869D2171935E24D0022E8CA /* Main.storyboard in Resources */ = {isa = PBXBuildFile; fileRef = 9869D2151935E24D0022E8CA /* Main.storyboard */; };
		9869D21A1935E24D0022E8CA /* TableTamplateFirstViewController.m in Sources */ = {isa = PBXBuildFile; fileRef = 9869D2191935E24D0022E8CA /* TableTamplateFirstViewController.m */; };
		9869D21D1935E24D0022E8CA /* TableTamplateSecondViewController.m in Sources */ = {isa = PBXBuildFile; fileRef = 9869D21C1935E24D0022E8CA /* TableTamplateSecondViewController.m */; };
		9869D21F1935E24D0022E8CA /* Images.xcassets in Resources */ = {isa = PBXBuildFile; fileRef = 9869D21E1935E24D0022E8CA /* Images.xcassets */; };
		9869D2261935E24D0022E8CA /* XCTest.framework in Frameworks */ = {isa = PBXBuildFile; fileRef = 9869D2251935E24D0022E8CA /* XCTest.framework */; };
		9869D2271935E24D0022E8CA /* Foundation.framework in Frameworks */ = {isa = PBXBuildFile; fileRef = 9869D2031935E24D0022E8CA /* Foundation.framework */; };
		9869D2281935E24D0022E8CA /* UIKit.framework in Frameworks */ = {isa = PBXBuildFile; fileRef = 9869D2071935E24D0022E8CA /* UIKit.framework */; };
		9869D2301935E24D0022E8CA /* InfoPlist.strings in Resources */ = {isa = PBXBuildFile; fileRef = 9869D22E1935E24D0022E8CA /* InfoPlist.strings */; };
		9869D2321935E24D0022E8CA /* myappTests.m in Sources */ = {isa = PBXBuildFile; fileRef = 9869D2311935E24D0022E8CA /* myappTests.m */; };
/* End PBXBuildFile section */

/* Begin PBXContainerItemProxy section */
		9869D2291935E24D0022E8CA /* PBXContainerItemProxy */ = {
			isa = PBXContainerItemProxy;
			containerPortal = 9869D1F81935E24D0022E8CA /* Project object */;
			proxyType = 1;
			remoteGlobalIDString = 9869D1FF1935E24D0022E8CA;
			remoteInfo = myapp;
		};
/* End PBXContainerItemProxy section */

/* Begin PBXFileReference section */
		9869D2001935E24D0022E8CA /* myapp.app */ = {isa = PBXFileReference; explicitFileType = wrapper.application; includeInIndex = 0; path = myapp.app; sourceTree = BUILT_PRODUCTS_DIR; };
		9869D2031935E24D0022E8CA /* Foundation.framework */ = {isa = PBXFileReference; lastKnownFileType = wrapper.framework; name = Foundation.framework; path = System/Library/Frameworks/Foundation.framework; sourceTree = SDKROOT; };
		9869D2051935E24D0022E8CA /* CoreGraphics.framework */ = {isa = PBXFileReference; lastKnownFileType = wrapper.framework; name = CoreGraphics.framework; path = System/Library/Frameworks/CoreGraphics.framework; sourceTree = SDKROOT; };
		9869D2071935E24D0022E8CA /* UIKit.framework */ = {isa = PBXFileReference; lastKnownFileType = wrapper.framework; name = UIKit.framework; path = System/Library/Frameworks/UIKit.framework; sourceTree = SDKROOT; };
		9869D20B1935E24D0022E8CA /* myapp-Info.plist */ = {isa = PBXFileReference; lastKnownFileType = text.plist.xml; path = "myapp-Info.plist"; sourceTree = "<group>"; };
		9869D20D1935E24D0022E8CA /* en */ = {isa = PBXFileReference; lastKnownFileType = text.plist.strings; name = en; path = en.lproj/InfoPlist.strings; sourceTree = "<group>"; };
		9869D20F1935E24D0022E8CA /* main.m */ = {isa = PBXFileReference; lastKnownFileType = sourcecode.c.objc; path = main.m; sourceTree = "<group>"; };
		9869D2111935E24D0022E8CA /* myapp-Prefix.pch */ = {isa = PBXFileReference; lastKnownFileType = sourcecode.c.h; path = "myapp-Prefix.pch"; sourceTree = "<group>"; };
		9869D2121935E24D0022E8CA /* TableTamplateAppDelegate.h */ = {isa = PBXFileReference; lastKnownFileType = sourcecode.c.h; path = TableTamplateAppDelegate.h; sourceTree = "<group>"; };
		9869D2131935E24D0022E8CA /* TableTamplateAppDelegate.m */ = {isa = PBXFileReference; lastKnownFileType = sourcecode.c.objc; path = TableTamplateAppDelegate.m; sourceTree = "<group>"; };
		9869D2161935E24D0022E8CA /* Base */ = {isa = PBXFileReference; lastKnownFileType = file.storyboard; name = Base; path = Base.lproj/Main.storyboard; sourceTree = "<group>"; };
		9869D2181935E24D0022E8CA /* TableTamplateFirstViewController.h */ = {isa = PBXFileReference; lastKnownFileType = sourcecode.c.h; path = TableTamplateFirstViewController.h; sourceTree = "<group>"; };
		9869D2191935E24D0022E8CA /* TableTamplateFirstViewController.m */ = {isa = PBXFileReference; lastKnownFileType = sourcecode.c.objc; path = TableTamplateFirstViewController.m; sourceTree = "<group>"; };
		9869D21B1935E24D0022E8CA /* TableTamplateSecondViewController.h */ = {isa = PBXFileReference; lastKnownFileType = sourcecode.c.h; path = TableTamplateSecondViewController.h; sourceTree = "<group>"; };
		9869D21C1935E24D0022E8CA /* TableTamplateSecondViewController.m */ = {isa = PBXFileReference; lastKnownFileType = sourcecode.c.objc; path = TableTamplateSecondViewController.m; sourceTree = "<group>"; };
		9869D21E1935E24D0022E8CA /* Images.xcassets */ = {isa = PBXFileReference; lastKnownFileType = folder.assetcatalog; path = Images.xcassets; sourceTree = "<group>"; };
		9869D2241935E24D0022E8CA /* myappTests.xctest */ = {isa = PBXFileReference; explicitFileType = wrapper.cfbundle; includeInIndex = 0; path = myappTests.xctest; sourceTree = BUILT_PRODUCTS_DIR; };
		9869D2251935E24D0022E8CA /* XCTest.framework */ = {isa = PBXFileReference; lastKnownFileType = wrapper.framework; name = XCTest.framework; path = Library/Frameworks/XCTest.framework; sourceTree = DEVELOPER_DIR; };
		9869D22D1935E24D0022E8CA /* myappTests-Info.plist */ = {isa = PBXFileReference; lastKnownFileType = text.plist.xml; path = "myappTests-Info.plist"; sourceTree = "<group>"; };
		9869D22F1935E24D0022E8CA /* en */ = {isa = PBXFileReference; lastKnownFileType = text.plist.strings; name = en; path = en.lproj/InfoPlist.strings; sourceTree = "<group>"; };
		9869D2311935E24D0022E8CA /* myappTests.m */ = {isa = PBXFileReference; lastKnownFileType = sourcecode.c.objc; path = myappTests.m; sourceTree = "<group>"; };
/* End PBXFileReference section */

/* Begin PBXFrameworksBuildPhase section */
		9869D1FD1935E24D0022E8CA /* Frameworks */ = {
			isa = PBXFrameworksBuildPhase;
			buildActionMask = 2147483647;
			files = (
				9869D2061935E24D0022E8CA /* CoreGraphics.framework in Frameworks */,
				9869D2081935E24D0022E8CA /* UIKit.framework in Frameworks */,
				9869D2041935E24D0022E8CA /* Foundation.framework in Frameworks */,
			);
			runOnlyForDeploymentPostprocessing = 0;
		};
		9869D2211935E24D0022E8CA /* Frameworks */ = {
			isa = PBXFrameworksBuildPhase;
			buildActionMask = 2147483647;
			files = (
				9869D2261935E24D0022E8CA /* XCTest.framework in Frameworks */,
				9869D2281935E24D0022E8CA /* UIKit.framework in Frameworks */,
				9869D2271935E24D0022E8CA /* Foundation.framework in Frameworks */,
			);
			runOnlyForDeploymentPostprocessing = 0;
		};
/* End PBXFrameworksBuildPhase section */

/* Begin PBXGroup section */
		9869D1F71935E24D0022E8CA = {
			isa = PBXGroup;
			children = (
				9869D2091935E24D0022E8CA /* myapp */,
				9869D22B1935E24D0022E8CA /* myappTests */,
				9869D2021935E24D0022E8CA /* Frameworks */,
				9869D2011935E24D0022E8CA /* Products */,
			);
			sourceTree = "<group>";
		};
		9869D2011935E24D0022E8CA /* Products */ = {
			isa = PBXGroup;
			children = (
				9869D2001935E24D0022E8CA /* myapp.app */,
				9869D2241935E24D0022E8CA /* myappTests.xctest */,
			);
			name = Products;
			sourceTree = "<group>";
		};
		9869D2021935E24D0022E8CA /* Frameworks */ = {
			isa = PBXGroup;
			children = (
				9869D2031935E24D0022E8CA /* Foundation.framework */,
				9869D2051935E24D0022E8CA /* CoreGraphics.framework */,
				9869D2071935E24D0022E8CA /* UIKit.framework */,
				9869D2251935E24D0022E8CA /* XCTest.framework */,
			);
			name = Frameworks;
			sourceTree = "<group>";
		};
		9869D2091935E24D0022E8CA /* myapp */ = {
			isa = PBXGroup;
			children = (
				9869D2121935E24D0022E8CA /* TableTamplateAppDelegate.h */,
				9869D2131935E24D0022E8CA /* TableTamplateAppDelegate.m */,
				9869D2151935E24D0022E8CA /* Main.storyboard */,
				9869D2181935E24D0022E8CA /* TableTamplateFirstViewController.h */,
				9869D2191935E24D0022E8CA /* TableTamplateFirstViewController.m */,
				9869D21B1935E24D0022E8CA /* TableTamplateSecondViewController.h */,
				9869D21C1935E24D0022E8CA /* TableTamplateSecondViewController.m */,
				9869D21E1935E24D0022E8CA /* Images.xcassets */,
				9869D20A1935E24D0022E8CA /* Supporting Files */,
			);
			path = myapp;
			sourceTree = "<group>";
		};
		9869D20A1935E24D0022E8CA /* Supporting Files */ = {
			isa = PBXGroup;
			children = (
				9869D20B1935E24D0022E8CA /* myapp-Info.plist */,
				9869D20C1935E24D0022E8CA /* InfoPlist.strings */,
				9869D20F1935E24D0022E8CA /* main.m */,
				9869D2111935E24D0022E8CA /* myapp-Prefix.pch */,
			);
			name = "Supporting Files";
			sourceTree = "<group>";
		};
		9869D22B1935E24D0022E8CA /* myappTests */ = {
			isa = PBXGroup;
			children = (
				9869D2311935E24D0022E8CA /* myappTests.m */,
				9869D22C1935E24D0022E8CA /* Supporting Files */,
			);
			path = myappTests;
			sourceTree = "<group>";
		};
		9869D22C1935E24D0022E8CA /* Supporting Files */ = {
			isa = PBXGroup;
			children = (
				9869D22D1935E24D0022E8CA /* myappTests-Info.plist */,
				9869D22E1935E24D0022E8CA /* InfoPlist.strings */,
			);
			name = "Supporting Files";
			sourceTree = "<group>";
		};
/* End PBXGroup section */

/* Begin PBXNativeTarget section */
		9869D1FF1935E24D0022E8CA /* myapp */ = {
			isa = PBXNativeTarget;
			buildConfigurationList = 9869D2351935E24D0022E8CA /* Build configuration list for PBXNativeTarget "myapp" */;
			buildPhases = (
				9869D1FC1935E24D0022E8CA /* Sources */,
				9869D1FD1935E24D0022E8CA /* Frameworks */,
				9869D1FE1935E24D0022E8CA /* Resources */,
			);
			buildRules = (
			);
			dependencies = (
			);
			name = myapp;
			productName = myapp;
			productReference = 9869D2001935E24D0022E8CA /* myapp.app */;
			productType = "com.apple.product-type.application";
		};
		9869D2231935E24D0022E8CA /* myappTests */ = {
			isa = PBXNativeTarget;
			buildConfigurationList = 9869D2381935E24D0022E8CA /* Build configuration list for PBXNativeTarget "myappTests" */;
			buildPhases = (
				9869D2201935E24D0022E8CA /* Sources */,
				9869D2211935E24D0022E8CA /* Frameworks */,
				9869D2221935E24D0022E8CA /* Resources */,
			);
			buildRules = (
			);
			dependencies = (
				9869D22A1935E24D0022E8CA /* PBXTargetDependency */,
			);
			name = myappTests;
			productName = myappTests;
			productReference = 9869D2241935E24D0022E8CA /* myappTests.xctest */;
			productType = "com.apple.product-type.bundle.unit-test";
		};
/* End PBXNativeTarget section */

/* Begin PBXProject section */
		9869D1F81935E24D0022E8CA /* Project object */ = {
			isa = PBXProject;
			attributes = {
				CLASSPREFIX = TableTamplate;
				LastUpgradeCheck = 0510;
				ORGANIZATIONNAME = appscomb;
				TargetAttributes = {
					9869D2231935E24D0022E8CA = {
						TestTargetID = 9869D1FF1935E24D0022E8CA;
					};
				};
			};
			buildConfigurationList = 9869D1FB1935E24D0022E8CA /* Build configuration list for PBXProject "myapp" */;
			compatibilityVersion = "Xcode 3.2";
			developmentRegion = English;
			hasScannedForEncodings = 0;
			knownRegions = (
				en,
				Base,
			);
			mainGroup = 9869D1F71935E24D0022E8CA;
			productRefGroup = 9869D2011935E24D0022E8CA /* Products */;
			projectDirPath = "";
			projectRoot = "";
			targets = (
				9869D1FF1935E24D0022E8CA /* myapp */,
				9869D2231935E24D0022E8CA /* myappTests */,
			);
		};
/* End PBXProject section */

/* Begin PBXResourcesBuildPhase section */
		9869D1FE1935E24D0022E8CA /* Resources */ = {
			isa = PBXResourcesBuildPhase;
			buildActionMask = 2147483647;
			files = (
				9869D21F1935E24D0022E8CA /* Images.xcassets in Resources */,
				9869D20E1935E24D0022E8CA /* InfoPlist.strings in Resources */,
				9869D2171935E24D0022E8CA /* Main.storyboard in Resources */,
			);
			runOnlyForDeploymentPostprocessing = 0;
		};
		9869D2221935E24D0022E8CA /* Resources */ = {
			isa = PBXResourcesBuildPhase;
			buildActionMask = 2147483647;
			files = (
				9869D2301935E24D0022E8CA /* InfoPlist.strings in Resources */,
			);
			runOnlyForDeploymentPostprocessing = 0;
		};
/* End PBXResourcesBuildPhase section */

/* Begin PBXSourcesBuildPhase section */
		9869D1FC1935E24D0022E8CA /* Sources */ = {
			isa = PBXSourcesBuildPhase;
			buildActionMask = 2147483647;
			files = (
				9869D2101935E24D0022E8CA /* main.m in Sources */,
				9869D21D1935E24D0022E8CA /* TableTamplateSecondViewController.m in Sources */,
				9869D21A1935E24D0022E8CA /* TableTamplateFirstViewController.m in Sources */,
				9869D2141935E24D0022E8CA /* TableTamplateAppDelegate.m in Sources */,
			);
			runOnlyForDeploymentPostprocessing = 0;
		};
		9869D2201935E24D0022E8CA /* Sources */ = {
			isa = PBXSourcesBuildPhase;
			buildActionMask = 2147483647;
			files = (
				9869D2321935E24D0022E8CA /* myappTests.m in Sources */,
			);
			runOnlyForDeploymentPostprocessing = 0;
		};
/* End PBXSourcesBuildPhase section */

/* Begin PBXTargetDependency section */
		9869D22A1935E24D0022E8CA /* PBXTargetDependency */ = {
			isa = PBXTargetDependency;
			target = 9869D1FF1935E24D0022E8CA /* myapp */;
			targetProxy = 9869D2291935E24D0022E8CA /* PBXContainerItemProxy */;
		};
/* End PBXTargetDependency section */

/* Begin PBXVariantGroup section */
		9869D20C1935E24D0022E8CA /* InfoPlist.strings */ = {
			isa = PBXVariantGroup;
			children = (
				9869D20D1935E24D0022E8CA /* en */,
			);
			name = InfoPlist.strings;
			sourceTree = "<group>";
		};
		9869D2151935E24D0022E8CA /* Main.storyboard */ = {
			isa = PBXVariantGroup;
			children = (
				9869D2161935E24D0022E8CA /* Base */,
			);
			name = Main.storyboard;
			sourceTree = "<group>";
		};
		9869D22E1935E24D0022E8CA /* InfoPlist.strings */ = {
			isa = PBXVariantGroup;
			children = (
				9869D22F1935E24D0022E8CA /* en */,
			);
			name = InfoPlist.strings;
			sourceTree = "<group>";
		};
/* End PBXVariantGroup section */

/* Begin XCBuildConfiguration section */
		9869D2331935E24D0022E8CA /* Debug */ = {
			isa = XCBuildConfiguration;
			buildSettings = {
				ALWAYS_SEARCH_USER_PATHS = NO;
				CLANG_CXX_LANGUAGE_STANDARD = "gnu++0x";
				CLANG_CXX_LIBRARY = "libc++";
				CLANG_ENABLE_MODULES = YES;
				CLANG_ENABLE_OBJC_ARC = YES;
				CLANG_WARN_BOOL_CONVERSION = YES;
				CLANG_WARN_CONSTANT_CONVERSION = YES;
				CLANG_WARN_DIRECT_OBJC_ISA_USAGE = YES_ERROR;
				CLANG_WARN_EMPTY_BODY = YES;
				CLANG_WARN_ENUM_CONVERSION = YES;
				CLANG_WARN_INT_CONVERSION = YES;
				CLANG_WARN_OBJC_ROOT_CLASS = YES_ERROR;
				CLANG_WARN__DUPLICATE_METHOD_MATCH = YES;
				"CODE_SIGN_IDENTITY[sdk=iphoneos*]" = "iPhone Developer";
				COPY_PHASE_STRIP = NO;
				GCC_C_LANGUAGE_STANDARD = gnu99;
				GCC_DYNAMIC_NO_PIC = NO;
				GCC_OPTIMIZATION_LEVEL = 0;
				GCC_PREPROCESSOR_DEFINITIONS = (
					"DEBUG=1",
					"$(inherited)",
				);
				GCC_SYMBOLS_PRIVATE_EXTERN = NO;
				GCC_WARN_64_TO_32_BIT_CONVERSION = YES;
				GCC_WARN_ABOUT_RETURN_TYPE = YES_ERROR;
				GCC_WARN_UNDECLARED_SELECTOR = YES;
				GCC_WARN_UNINITIALIZED_AUTOS = YES_AGGRESSIVE;
				GCC_WARN_UNUSED_FUNCTION = YES;
				GCC_WARN_UNUSED_VARIABLE = YES;
				IPHONEOS_DEPLOYMENT_TARGET = 7.1;
				ONLY_ACTIVE_ARCH = YES;
				SDKROOT = iphoneos;
			};
			name = Debug;
		};
		9869D2341935E24D0022E8CA /* Release */ = {
			isa = XCBuildConfiguration;
			buildSettings = {
				ALWAYS_SEARCH_USER_PATHS = NO;
				CLANG_CXX_LANGUAGE_STANDARD = "gnu++0x";
				CLANG_CXX_LIBRARY = "libc++";
				CLANG_ENABLE_MODULES = YES;
				CLANG_ENABLE_OBJC_ARC = YES;
				CLANG_WARN_BOOL_CONVERSION = YES;
				CLANG_WARN_CONSTANT_CONVERSION = YES;
				CLANG_WARN_DIRECT_OBJC_ISA_USAGE = YES_ERROR;
				CLANG_WARN_EMPTY_BODY = YES;
				CLANG_WARN_ENUM_CONVERSION = YES;
				CLANG_WARN_INT_CONVERSION = YES;
				CLANG_WARN_OBJC_ROOT_CLASS = YES_ERROR;
				CLANG_WARN__DUPLICATE_METHOD_MATCH = YES;
				"CODE_SIGN_IDENTITY[sdk=iphoneos*]" = "iPhone Developer";
				COPY_PHASE_STRIP = YES;
				ENABLE_NS_ASSERTIONS = NO;
				GCC_C_LANGUAGE_STANDARD = gnu99;
				GCC_WARN_64_TO_32_BIT_CONVERSION = YES;
				GCC_WARN_ABOUT_RETURN_TYPE = YES_ERROR;
				GCC_WARN_UNDECLARED_SELECTOR = YES;
				GCC_WARN_UNINITIALIZED_AUTOS = YES_AGGRESSIVE;
				GCC_WARN_UNUSED_FUNCTION = YES;
				GCC_WARN_UNUSED_VARIABLE = YES;
				IPHONEOS_DEPLOYMENT_TARGET = 7.1;
				SDKROOT = iphoneos;
				VALIDATE_PRODUCT = YES;
			};
			name = Release;
		};
		9869D2361935E24D0022E8CA /* Debug */ = {
			isa = XCBuildConfiguration;
			buildSettings = {
				ASSETCATALOG_COMPILER_APPICON_NAME = AppIcon;
				ASSETCATALOG_COMPILER_LAUNCHIMAGE_NAME = LaunchImage;
				GCC_PRECOMPILE_PREFIX_HEADER = YES;
				GCC_PREFIX_HEADER = "myapp/myapp-Prefix.pch";
				INFOPLIST_FILE = "myapp/myapp-Info.plist";
				PRODUCT_NAME = "$(TARGET_NAME)";
				WRAPPER_EXTENSION = app;
			};
			name = Debug;
		};
		9869D2371935E24D0022E8CA /* Release */ = {
			isa = XCBuildConfiguration;
			buildSettings = {
				ASSETCATALOG_COMPILER_APPICON_NAME = AppIcon;
				ASSETCATALOG_COMPILER_LAUNCHIMAGE_NAME = LaunchImage;
				GCC_PRECOMPILE_PREFIX_HEADER = YES;
				GCC_PREFIX_HEADER = "myapp/myapp-Prefix.pch";
				INFOPLIST_FILE = "myapp/myapp-Info.plist";
				PRODUCT_NAME = "$(TARGET_NAME)";
				WRAPPER_EXTENSION = app;
			};
			name = Release;
		};
		9869D2391935E24D0022E8CA /* Debug */ = {
			isa = XCBuildConfiguration;
			buildSettings = {
				BUNDLE_LOADER = "$(BUILT_PRODUCTS_DIR)/myapp.app/myapp";
				FRAMEWORK_SEARCH_PATHS = (
					"$(SDKROOT)/Developer/Library/Frameworks",
					"$(inherited)",
					"$(DEVELOPER_FRAMEWORKS_DIR)",
				);
				GCC_PRECOMPILE_PREFIX_HEADER = YES;
				GCC_PREFIX_HEADER = "myapp/myapp-Prefix.pch";
				GCC_PREPROCESSOR_DEFINITIONS = (
					"DEBUG=1",
					"$(inherited)",
				);
				INFOPLIST_FILE = "myappTests/myappTests-Info.plist";
				PRODUCT_NAME = "$(TARGET_NAME)";
				TEST_HOST = "$(BUNDLE_LOADER)";
				WRAPPER_EXTENSION = xctest;
			};
			name = Debug;
		};
		9869D23A1935E24D0022E8CA /* Release */ = {
			isa = XCBuildConfiguration;
			buildSettings = {
				BUNDLE_LOADER = "$(BUILT_PRODUCTS_DIR)/myapp.app/myapp";
				FRAMEWORK_SEARCH_PATHS = (
					"$(SDKROOT)/Developer/Library/Frameworks",
					"$(inherited)",
					"$(DEVELOPER_FRAMEWORKS_DIR)",
				);
				GCC_PRECOMPILE_PREFIX_HEADER = YES;
				GCC_PREFIX_HEADER = "myapp/myapp-Prefix.pch";
				INFOPLIST_FILE = "myappTests/myappTests-Info.plist";
				PRODUCT_NAME = "$(TARGET_NAME)";
				TEST_HOST = "$(BUNDLE_LOADER)";
				WRAPPER_EXTENSION = xctest;
			};
			name = Release;
		};
/* End XCBuildConfiguration section */

/* Begin XCConfigurationList section */
		9869D1FB1935E24D0022E8CA /* Build configuration list for PBXProject "myapp" */ = {
			isa = XCConfigurationList;
			buildConfigurations = (
				9869D2331935E24D0022E8CA /* Debug */,
				9869D2341935E24D0022E8CA /* Release */,
			);
			defaultConfigurationIsVisible = 0;
			defaultConfigurationName = Release;
		};
		9869D2351935E24D0022E8CA /* Build configuration list for PBXNativeTarget "myapp" */ = {
			isa = XCConfigurationList;
			buildConfigurations = (
				9869D2361935E24D0022E8CA /* Debug */,
				9869D2371935E24D0022E8CA /* Release */,
			);
			defaultConfigurationIsVisible = 0;
		};
		9869D2381935E24D0022E8CA /* Build configuration list for PBXNativeTarget "myappTests" */ = {
			isa = XCConfigurationList;
			buildConfigurations = (
				9869D2391935E24D0022E8CA /* Debug */,
				9869D23A1935E24D0022E8CA /* Release */,
			);
			defaultConfigurationIsVisible = 0;
		};
/* End XCConfigurationList section */
	};
	rootObject = 9869D1F81935E24D0022E8CA /* Project object */;
}
